<?xml version="1.0" encoding="utf-8"?>
<Project ToolsVersion="4.0" xmlns="http://schemas.microsoft.com/developer/msbuild/2003">
  <ItemGroup>
    <Filter Include="Source Files">
      <UniqueIdentifier>{4FC737F1-C7A5-4376-A066-2A32D752A2FF}</UniqueIdentifier>
      <Extensions>cpp;c;cc;cxx;c++;cppm;ixx;def;odl;idl;hpj;bat;asm;asmx</Extensions>
    </Filter>
    <Filter Include="Header Files">
      <UniqueIdentifier>{93995380-89BD-4b04-88EB-625FBE52EBFB}</UniqueIdentifier>
      <Extensions>h;hh;hpp;hxx;h++;hm;inl;inc;ipp;xsd</Extensions>
    </Filter>
    <Filter Include="Resource Files">
      <UniqueIdentifier>{67DA6AB6-F800-4c08-8B7A-83BB121AAD01}</UniqueIdentifier>
      <Extensions>rc;ico;cur;bmp;dlg;rc2;rct;bin;rgs;gif;jpg;jpeg;jpe;resx;tiff;tif;png;wav;mfcribbon-ms</Extensions>
    </Filter>
    <Filter Include="Header Files\Player">
      <UniqueIdentifier>{26ab7732-836c-44a7-8227-bf0035edcaa5}</UniqueIdentifier>
    </Filter>
    <Filter Include="Source Files\Player">
      <UniqueIdentifier>{bbabbdd8-9572-49b2-baad-d0e22ea43593}</UniqueIdentifier>
    </Filter>
    <Filter Include="Header Files\ChessPiece">
      <UniqueIdentifier>{cbb9cb67-5197-4a4b-ae92-9bd7801f18c9}</UniqueIdentifier>
    </Filter>
    <Filter Include="Header Files\Board">
      <UniqueIdentifier>{855b8e0e-fac5-468c-98c8-812cf5d05651}</UniqueIdentifier>
    </Filter>
    <Filter Include="Source Files\ChessPiece">
      <UniqueIdentifier>{8ec5dfd0-9292-49f3-ad16-ac1421cdb24f}</UniqueIdentifier>
    </Filter>
    <Filter Include="Source Files\Board">
      <UniqueIdentifier>{98f5ba68-941b-4763-8a2d-d072e6d1c45a}</UniqueIdentifier>
    </Filter>
  </ItemGroup>
  <ItemGroup>
    <ClCompile Include="StartFrame.cpp">
      <Filter>Source Files</Filter>
    </ClCompile>
    <ClCompile Include="App.cpp">
      <Filter>Source Files</Filter>
    </ClCompile>
    <ClCompile Include="HumanPlayer.cpp">
      <Filter>Source Files\Player</Filter>
    </ClCompile>
    <ClCompile Include="EasyBot.cpp">
      <Filter>Source Files\Player</Filter>
    </ClCompile>
    <ClCompile Include="Queen.cpp">
      <Filter>Source Files\ChessPiece</Filter>
    </ClCompile>
    <ClCompile Include="Board.cpp">
      <Filter>Source Files\Board</Filter>
    </ClCompile>
    <ClCompile Include="Square.cpp">
      <Filter>Source Files\Board</Filter>
    </ClCompile>
    <ClCompile Include="ChessPiece.cpp">
      <Filter>Source Files\ChessPiece</Filter>
    </ClCompile>
    <ClCompile Include="Move.cpp">
      <Filter>Source Files\Board</Filter>
    </ClCompile>
  </ItemGroup>
  <ItemGroup>
    <ClInclude Include="StartFrame.h">
      <Filter>Header Files</Filter>
    </ClInclude>
    <ClInclude Include="App.h">
      <Filter>Header Files</Filter>
    </ClInclude>
    <ClInclude Include="GLobalHeader.h">
      <Filter>Header Files</Filter>
    </ClInclude>
    <ClInclude Include="Player.h">
      <Filter>Header Files\Player</Filter>
    </ClInclude>
    <ClInclude Include="Bot.h">
      <Filter>Header Files\Player</Filter>
    </ClInclude>
    <ClInclude Include="HumanPlayer.h">
      <Filter>Header Files\Player</Filter>
    </ClInclude>
    <ClInclude Include="EasyBot.h">
      <Filter>Header Files\Player</Filter>
    </ClInclude>
    <ClInclude Include="ChessPiece.h">
      <Filter>Header Files\ChessPiece</Filter>
    </ClInclude>
    <ClInclude Include="Board.h">
      <Filter>Header Files\Board</Filter>
    </ClInclude>
    <ClInclude Include="Square.h">
      <Filter>Header Files\Board</Filter>
    </ClInclude>
    <ClInclude Include="Queen.h">
      <Filter>Header Files\ChessPiece</Filter>
    </ClInclude>
    <ClInclude Include="Move.h">
      <Filter>Header Files\Board</Filter>
    </ClInclude>
    <ClInclude Include="PlayerEnum.h">
      <Filter>Header Files</Filter>
    </ClInclude>
  </ItemGroup>
</Project>