<?xml version="1.0" encoding="utf-8"?>
<Project ToolsVersion="4.0" xmlns="http://schemas.microsoft.com/developer/msbuild/2003">
  <ItemGroup>
    <Filter Include="Source Files">
      <UniqueIdentifier>{4FC737F1-C7A5-4376-A066-2A32D752A2FF}</UniqueIdentifier>
      <Extensions>cpp;c;cc;cxx;c++;cppm;ixx;def;odl;idl;hpj;bat;asm;asmx</Extensions>
    </Filter>
    <Filter Include="Header Files">
      <UniqueIdentifier>{93995380-89BD-4b04-88EB-625FBE52EBFB}</UniqueIdentifier>
      <Extensions>h;hh;hpp;hxx;h++;hm;inl;inc;ipp;xsd</Extensions>
    </Filter>
    <Filter Include="Resource Files">
      <UniqueIdentifier>{67DA6AB6-F800-4c08-8B7A-83BB121AAD01}</UniqueIdentifier>
      <Extensions>rc;ico;cur;bmp;dlg;rc2;rct;bin;rgs;gif;jpg;jpeg;jpe;resx;tiff;tif;png;wav;mfcribbon-ms</Extensions>
    </Filter>
    <Filter Include="Header Files\Player">
      <UniqueIdentifier>{26ab7732-836c-44a7-8227-bf0035edcaa5}</UniqueIdentifier>
    </Filter>
    <Filter Include="Source Files\Player">
      <UniqueIdentifier>{bbabbdd8-9572-49b2-baad-d0e22ea43593}</UniqueIdentifier>
    </Filter>
    <Filter Include="Header Files\ChessPiece">
      <UniqueIdentifier>{cbb9cb67-5197-4a4b-ae92-9bd7801f18c9}</UniqueIdentifier>
    </Filter>
    <Filter Include="Header Files\Board">
      <UniqueIdentifier>{855b8e0e-fac5-468c-98c8-812cf5d05651}</UniqueIdentifier>
    </Filter>
    <Filter Include="Source Files\ChessPiece">
      <UniqueIdentifier>{8ec5dfd0-9292-49f3-ad16-ac1421cdb24f}</UniqueIdentifier>
    </Filter>
    <Filter Include="Source Files\Board">
      <UniqueIdentifier>{98f5ba68-941b-4763-8a2d-d072e6d1c45a}</UniqueIdentifier>
    </Filter>
    <Filter Include="Source Files\Evaluator">
      <UniqueIdentifier>{954820bb-50c7-4d0c-8313-032a3e58dfa3}</UniqueIdentifier>
    </Filter>
    <Filter Include="Header Files\Evaluator">
      <UniqueIdentifier>{e970aeb0-ac6e-4937-9df6-7f7629a02d4b}</UniqueIdentifier>
    </Filter>
    <Filter Include="Header Files\Manager">
      <UniqueIdentifier>{82a36ac6-dc0f-4941-b486-d51bc47ea15d}</UniqueIdentifier>
    </Filter>
    <Filter Include="Source Files\Manager">
      <UniqueIdentifier>{728f4428-e01b-4578-a6a9-917452d5fa2d}</UniqueIdentifier>
    </Filter>
  </ItemGroup>
  <ItemGroup>
    <ClCompile Include="StartFrame.cpp">
      <Filter>Source Files</Filter>
    </ClCompile>
    <ClCompile Include="App.cpp">
      <Filter>Source Files</Filter>
    </ClCompile>
    <ClCompile Include="HumanPlayer.cpp">
      <Filter>Source Files\Player</Filter>
    </ClCompile>
    <ClCompile Include="EasyBot.cpp">
      <Filter>Source Files\Player</Filter>
    </ClCompile>
    <ClCompile Include="Queen.cpp">
      <Filter>Source Files\ChessPiece</Filter>
    </ClCompile>
    <ClCompile Include="Board.cpp">
      <Filter>Source Files\Board</Filter>
    </ClCompile>
    <ClCompile Include="Square.cpp">
      <Filter>Source Files\Board</Filter>
    </ClCompile>
    <ClCompile Include="ChessPiece.cpp">
      <Filter>Source Files\ChessPiece</Filter>
    </ClCompile>
    <ClCompile Include="Move.cpp">
      <Filter>Source Files\Board</Filter>
    </ClCompile>
    <ClCompile Include="Player.cpp">
      <Filter>Source Files\Player</Filter>
    </ClCompile>
    <ClCompile Include="Pawn.cpp">
      <Filter>Source Files\ChessPiece</Filter>
    </ClCompile>
    <ClCompile Include="Knight.cpp">
      <Filter>Source Files\ChessPiece</Filter>
    </ClCompile>
    <ClCompile Include="Bishop.cpp">
      <Filter>Source Files\ChessPiece</Filter>
    </ClCompile>
    <ClCompile Include="Rook.cpp">
      <Filter>Source Files\ChessPiece</Filter>
    </ClCompile>
    <ClCompile Include="King.cpp">
      <Filter>Source Files\ChessPiece</Filter>
    </ClCompile>
    <ClCompile Include="MediumBotEvaluator.cpp">
      <Filter>Source Files\Evaluator</Filter>
    </ClCompile>
    <ClCompile Include="MediumBot.cpp">
      <Filter>Source Files\Player</Filter>
    </ClCompile>
    <ClCompile Include="HardBot.cpp">
      <Filter>Source Files\Player</Filter>
    </ClCompile>
    <ClCompile Include="HardEvaluator.cpp">
      <Filter>Source Files\Evaluator</Filter>
    </ClCompile>
    <ClCompile Include="VeryHardBot.cpp">
      <Filter>Source Files\Player</Filter>
    </ClCompile>
    <ClCompile Include="ViewManager.cpp">
      <Filter>Source Files\Manager</Filter>
    </ClCompile>
  </ItemGroup>
  <ItemGroup>
    <ClInclude Include="StartFrame.h">
      <Filter>Header Files</Filter>
    </ClInclude>
    <ClInclude Include="App.h">
      <Filter>Header Files</Filter>
    </ClInclude>
    <ClInclude Include="GLobalHeader.h">
      <Filter>Header Files</Filter>
    </ClInclude>
    <ClInclude Include="Player.h">
      <Filter>Header Files\Player</Filter>
    </ClInclude>
    <ClInclude Include="HumanPlayer.h">
      <Filter>Header Files\Player</Filter>
    </ClInclude>
    <ClInclude Include="EasyBot.h">
      <Filter>Header Files\Player</Filter>
    </ClInclude>
    <ClInclude Include="ChessPiece.h">
      <Filter>Header Files\ChessPiece</Filter>
    </ClInclude>
    <ClInclude Include="Board.h">
      <Filter>Header Files\Board</Filter>
    </ClInclude>
    <ClInclude Include="Square.h">
      <Filter>Header Files\Board</Filter>
    </ClInclude>
    <ClInclude Include="Queen.h">
      <Filter>Header Files\ChessPiece</Filter>
    </ClInclude>
    <ClInclude Include="Move.h">
      <Filter>Header Files\Board</Filter>
    </ClInclude>
    <ClInclude Include="PlayerEnum.h">
      <Filter>Header Files\Player</Filter>
    </ClInclude>
    <ClInclude Include="Pawn.h">
      <Filter>Header Files\ChessPiece</Filter>
    </ClInclude>
    <ClInclude Include="Bishop.h">
      <Filter>Header Files\ChessPiece</Filter>
    </ClInclude>
    <ClInclude Include="Rook.h">
      <Filter>Header Files\ChessPiece</Filter>
    </ClInclude>
    <ClInclude Include="Knight.h">
      <Filter>Header Files\ChessPiece</Filter>
    </ClInclude>
    <ClInclude Include="King.h">
      <Filter>Header Files\ChessPiece</Filter>
    </ClInclude>
    <ClInclude Include="Evaluator.h">
      <Filter>Header Files\Evaluator</Filter>
    </ClInclude>
    <ClInclude Include="MediumBotEvaluator.h">
      <Filter>Header Files\Evaluator</Filter>
    </ClInclude>
    <ClInclude Include="MediumBot.h">
      <Filter>Header Files\Player</Filter>
    </ClInclude>
    <ClInclude Include="HardBot.h">
      <Filter>Header Files\Player</Filter>
    </ClInclude>
    <ClInclude Include="HardEvaluator.h">
      <Filter>Header Files\Evaluator</Filter>
    </ClInclude>
    <ClInclude Include="VeryHardBot.h">
      <Filter>Header Files</Filter>
    </ClInclude>
    <ClInclude Include="ViewManager.h">
      <Filter>Header Files\Manager</Filter>
    </ClInclude>
  </ItemGroup>
  <ItemGroup>
    <Image Include="pawn.png">
      <Filter>Resource Files</Filter>
    </Image>
    <Image Include="640px-Chess_Pieces_Sprite.svg.png">
      <Filter>Resource Files</Filter>
    </Image>
  </ItemGroup>
</Project>